// !$*UTF8*$!
{
	archiveVersion = 1;
	classes = {
	};
	objectVersion = 46;
	objects = {

/* Begin PBXBuildFile section */
		8E6666F56A4E96176EC6709E /* Pods_KPI_Schedule.framework in Frameworks */ = {isa = PBXBuildFile; fileRef = 776074D55E8ED5BEC509BEC9 /* Pods_KPI_Schedule.framework */; };
		FA1D86941DD0014600ACCDE3 /* ScheduleView.swift in Sources */ = {isa = PBXBuildFile; fileRef = FA1D86931DD0014600ACCDE3 /* ScheduleView.swift */; };
		FA1D86961DD00FE900ACCDE3 /* SettingsView.swift in Sources */ = {isa = PBXBuildFile; fileRef = FA1D86951DD00FE900ACCDE3 /* SettingsView.swift */; };
		FA6233C81DD279BB00833B83 /* ScheduleLessonCell.swift in Sources */ = {isa = PBXBuildFile; fileRef = FA6233C71DD279BB00833B83 /* ScheduleLessonCell.swift */; };
		FA9618E71DCE914200D233D2 /* AboutUsView.swift in Sources */ = {isa = PBXBuildFile; fileRef = FA9618E61DCE914200D233D2 /* AboutUsView.swift */; };
		FAB810B91DD0D8CB0080791A /* TeachersView.swift in Sources */ = {isa = PBXBuildFile; fileRef = FAB810B81DD0D8CB0080791A /* TeachersView.swift */; };
		FAB810BB1DD0D90E0080791A /* TasksView.swift in Sources */ = {isa = PBXBuildFile; fileRef = FAB810BA1DD0D90E0080791A /* TasksView.swift */; };
		FAB810BD1DD0D9310080791A /* NotesView.swift in Sources */ = {isa = PBXBuildFile; fileRef = FAB810BC1DD0D9310080791A /* NotesView.swift */; };
		FAB810C91DD114060080791A /* ChooseGroupView.swift in Sources */ = {isa = PBXBuildFile; fileRef = FAB810C81DD114060080791A /* ChooseGroupView.swift */; };
		FAB810CB1DD1192D0080791A /* AddTaskView.swift in Sources */ = {isa = PBXBuildFile; fileRef = FAB810CA1DD1192D0080791A /* AddTaskView.swift */; };
		FAB810CD1DD1272C0080791A /* AddNoteView.swift in Sources */ = {isa = PBXBuildFile; fileRef = FAB810CC1DD1272C0080791A /* AddNoteView.swift */; };
		FAEECDD41DD3959500F2476C /* APICache.swift in Sources */ = {isa = PBXBuildFile; fileRef = FAEECDD31DD3959500F2476C /* APICache.swift */; };
		FAF218641DCBF09000B1F684 /* SwiftyJSON.swift in Sources */ = {isa = PBXBuildFile; fileRef = FAF218611DCBF09000B1F684 /* SwiftyJSON.swift */; };
		FAF218651DCBF09000B1F684 /* APISchedule.swift in Sources */ = {isa = PBXBuildFile; fileRef = FAF218621DCBF09000B1F684 /* APISchedule.swift */; };
		FAF218661DCBF09000B1F684 /* APICore.swift in Sources */ = {isa = PBXBuildFile; fileRef = FAF218631DCBF09000B1F684 /* APICore.swift */; };
		FAF896871DC6028E007780BC /* AppDelegate.swift in Sources */ = {isa = PBXBuildFile; fileRef = FAF896861DC6028E007780BC /* AppDelegate.swift */; };
		FAF896891DC6028E007780BC /* MainView.swift in Sources */ = {isa = PBXBuildFile; fileRef = FAF896881DC6028E007780BC /* MainView.swift */; };
		FAF8968C1DC6028E007780BC /* Main.storyboard in Resources */ = {isa = PBXBuildFile; fileRef = FAF8968A1DC6028E007780BC /* Main.storyboard */; };
		FAF8968F1DC6028E007780BC /* KPI_Rozklad.xcdatamodeld in Sources */ = {isa = PBXBuildFile; fileRef = FAF8968D1DC6028E007780BC /* KPI_Rozklad.xcdatamodeld */; };
		FAF896911DC6028E007780BC /* Assets.xcassets in Resources */ = {isa = PBXBuildFile; fileRef = FAF896901DC6028E007780BC /* Assets.xcassets */; };
		FAF896941DC6028E007780BC /* LaunchScreen.storyboard in Resources */ = {isa = PBXBuildFile; fileRef = FAF896921DC6028E007780BC /* LaunchScreen.storyboard */; };
/* End PBXBuildFile section */

/* Begin PBXFileReference section */
		38E35AB39D5C07C2C0844B89 /* Pods-KPI Schedule.debug.xcconfig */ = {isa = PBXFileReference; includeInIndex = 1; lastKnownFileType = text.xcconfig; name = "Pods-KPI Schedule.debug.xcconfig"; path = "Pods/Target Support Files/Pods-KPI Schedule/Pods-KPI Schedule.debug.xcconfig"; sourceTree = "<group>"; };
		776074D55E8ED5BEC509BEC9 /* Pods_KPI_Schedule.framework */ = {isa = PBXFileReference; explicitFileType = wrapper.framework; includeInIndex = 0; path = Pods_KPI_Schedule.framework; sourceTree = BUILT_PRODUCTS_DIR; };
		B773A34C8A9F6D3593E490DC /* Pods-KPI Schedule.release.xcconfig */ = {isa = PBXFileReference; includeInIndex = 1; lastKnownFileType = text.xcconfig; name = "Pods-KPI Schedule.release.xcconfig"; path = "Pods/Target Support Files/Pods-KPI Schedule/Pods-KPI Schedule.release.xcconfig"; sourceTree = "<group>"; };
		FA1D86931DD0014600ACCDE3 /* ScheduleView.swift */ = {isa = PBXFileReference; fileEncoding = 4; lastKnownFileType = sourcecode.swift; path = ScheduleView.swift; sourceTree = "<group>"; };
		FA1D86951DD00FE900ACCDE3 /* SettingsView.swift */ = {isa = PBXFileReference; fileEncoding = 4; lastKnownFileType = sourcecode.swift; path = SettingsView.swift; sourceTree = "<group>"; };
		FA6233C71DD279BB00833B83 /* ScheduleLessonCell.swift */ = {isa = PBXFileReference; fileEncoding = 4; lastKnownFileType = sourcecode.swift; path = ScheduleLessonCell.swift; sourceTree = "<group>"; };
		FA9618E61DCE914200D233D2 /* AboutUsView.swift */ = {isa = PBXFileReference; fileEncoding = 4; lastKnownFileType = sourcecode.swift; path = AboutUsView.swift; sourceTree = "<group>"; };
		FAB810B81DD0D8CB0080791A /* TeachersView.swift */ = {isa = PBXFileReference; fileEncoding = 4; lastKnownFileType = sourcecode.swift; path = TeachersView.swift; sourceTree = "<group>"; };
		FAB810BA1DD0D90E0080791A /* TasksView.swift */ = {isa = PBXFileReference; fileEncoding = 4; lastKnownFileType = sourcecode.swift; path = TasksView.swift; sourceTree = "<group>"; };
		FAB810BC1DD0D9310080791A /* NotesView.swift */ = {isa = PBXFileReference; fileEncoding = 4; lastKnownFileType = sourcecode.swift; path = NotesView.swift; sourceTree = "<group>"; };
		FAB810C81DD114060080791A /* ChooseGroupView.swift */ = {isa = PBXFileReference; fileEncoding = 4; lastKnownFileType = sourcecode.swift; name = ChooseGroupView.swift; path = ../ChooseGroupView.swift; sourceTree = "<group>"; };
		FAB810CA1DD1192D0080791A /* AddTaskView.swift */ = {isa = PBXFileReference; fileEncoding = 4; lastKnownFileType = sourcecode.swift; path = AddTaskView.swift; sourceTree = "<group>"; };
		FAB810CC1DD1272C0080791A /* AddNoteView.swift */ = {isa = PBXFileReference; fileEncoding = 4; lastKnownFileType = sourcecode.swift; path = AddNoteView.swift; sourceTree = "<group>"; };
		FAEECDD31DD3959500F2476C /* APICache.swift */ = {isa = PBXFileReference; fileEncoding = 4; lastKnownFileType = sourcecode.swift; name = APICache.swift; path = ../APICache.swift; sourceTree = "<group>"; };
		FAF218611DCBF09000B1F684 /* SwiftyJSON.swift */ = {isa = PBXFileReference; fileEncoding = 4; lastKnownFileType = sourcecode.swift; path = SwiftyJSON.swift; sourceTree = "<group>"; };
		FAF218621DCBF09000B1F684 /* APISchedule.swift */ = {isa = PBXFileReference; fileEncoding = 4; lastKnownFileType = sourcecode.swift; path = APISchedule.swift; sourceTree = "<group>"; };
		FAF218631DCBF09000B1F684 /* APICore.swift */ = {isa = PBXFileReference; fileEncoding = 4; lastKnownFileType = sourcecode.swift; path = APICore.swift; sourceTree = "<group>"; };
		FAF896831DC6028E007780BC /* KPI Schedule.app */ = {isa = PBXFileReference; explicitFileType = wrapper.application; includeInIndex = 0; path = "KPI Schedule.app"; sourceTree = BUILT_PRODUCTS_DIR; };
		FAF896861DC6028E007780BC /* AppDelegate.swift */ = {isa = PBXFileReference; lastKnownFileType = sourcecode.swift; path = AppDelegate.swift; sourceTree = "<group>"; };
		FAF896881DC6028E007780BC /* MainView.swift */ = {isa = PBXFileReference; lastKnownFileType = sourcecode.swift; path = MainView.swift; sourceTree = "<group>"; };
		FAF8968B1DC6028E007780BC /* Base */ = {isa = PBXFileReference; lastKnownFileType = file.storyboard; name = Base; path = Base.lproj/Main.storyboard; sourceTree = "<group>"; };
		FAF8968E1DC6028E007780BC /* KPI_Rozklad.xcdatamodel */ = {isa = PBXFileReference; lastKnownFileType = wrapper.xcdatamodel; path = KPI_Rozklad.xcdatamodel; sourceTree = "<group>"; };
		FAF896901DC6028E007780BC /* Assets.xcassets */ = {isa = PBXFileReference; lastKnownFileType = folder.assetcatalog; path = Assets.xcassets; sourceTree = "<group>"; };
		FAF896931DC6028E007780BC /* Base */ = {isa = PBXFileReference; lastKnownFileType = file.storyboard; name = Base; path = Base.lproj/LaunchScreen.storyboard; sourceTree = "<group>"; };
		FAF896951DC6028E007780BC /* Info.plist */ = {isa = PBXFileReference; lastKnownFileType = text.plist.xml; path = Info.plist; sourceTree = "<group>"; };
/* End PBXFileReference section */

/* Begin PBXFrameworksBuildPhase section */
		FAF896801DC6028E007780BC /* Frameworks */ = {
			isa = PBXFrameworksBuildPhase;
			buildActionMask = 2147483647;
			files = (
				8E6666F56A4E96176EC6709E /* Pods_KPI_Schedule.framework in Frameworks */,
			);
			runOnlyForDeploymentPostprocessing = 0;
		};
/* End PBXFrameworksBuildPhase section */

/* Begin PBXGroup section */
		92A726DCFD5568FB09EEBFF0 /* Frameworks */ = {
			isa = PBXGroup;
			children = (
				776074D55E8ED5BEC509BEC9 /* Pods_KPI_Schedule.framework */,
			);
			name = Frameworks;
			sourceTree = "<group>";
		};
		D16E2463BF71CD839793AB79 /* Pods */ = {
			isa = PBXGroup;
			children = (
				38E35AB39D5C07C2C0844B89 /* Pods-KPI Schedule.debug.xcconfig */,
				B773A34C8A9F6D3593E490DC /* Pods-KPI Schedule.release.xcconfig */,
			);
			name = Pods;
			sourceTree = "<group>";
		};
		FAD9D2551DC7A3EA00AF326B /* Model */ = {
			isa = PBXGroup;
			children = (
				FAF218611DCBF09000B1F684 /* SwiftyJSON.swift */,
				FAF218621DCBF09000B1F684 /* APISchedule.swift */,
			);
			name = Model;
			sourceTree = "<group>";
		};
		FAD9D2561DC7A3F400AF326B /* View */ = {
			isa = PBXGroup;
			children = (
				FAF896881DC6028E007780BC /* MainView.swift */,
				FA9618E61DCE914200D233D2 /* AboutUsView.swift */,
				FA1D86931DD0014600ACCDE3 /* ScheduleView.swift */,
				FA1D86951DD00FE900ACCDE3 /* SettingsView.swift */,
				FAB810B81DD0D8CB0080791A /* TeachersView.swift */,
				FAB810BA1DD0D90E0080791A /* TasksView.swift */,
				FAB810BC1DD0D9310080791A /* NotesView.swift */,
				FAB810C81DD114060080791A /* ChooseGroupView.swift */,
				FAB810CA1DD1192D0080791A /* AddTaskView.swift */,
				FAB810CC1DD1272C0080791A /* AddNoteView.swift */,
				FA6233C71DD279BB00833B83 /* ScheduleLessonCell.swift */,
			);
			name = View;
			sourceTree = "<group>";
		};
		FAD9D2571DC7A3FA00AF326B /* Controller */ = {
			isa = PBXGroup;
			children = (
				FAEECDD31DD3959500F2476C /* APICache.swift */,
				FAF218631DCBF09000B1F684 /* APICore.swift */,
			);
			name = Controller;
			sourceTree = "<group>";
		};
		FAF8967A1DC6028E007780BC = {
			isa = PBXGroup;
			children = (
				FAF896851DC6028E007780BC /* KPI Schedule */,
				FAF896841DC6028E007780BC /* Products */,
				D16E2463BF71CD839793AB79 /* Pods */,
				92A726DCFD5568FB09EEBFF0 /* Frameworks */,
			);
			sourceTree = "<group>";
		};
		FAF896841DC6028E007780BC /* Products */ = {
			isa = PBXGroup;
			children = (
				FAF896831DC6028E007780BC /* KPI Schedule.app */,
			);
			name = Products;
			sourceTree = "<group>";
		};
		FAF896851DC6028E007780BC /* KPI Schedule */ = {
			isa = PBXGroup;
			children = (
				FAD9D2571DC7A3FA00AF326B /* Controller */,
				FAD9D2561DC7A3F400AF326B /* View */,
				FAD9D2551DC7A3EA00AF326B /* Model */,
				FAF896861DC6028E007780BC /* AppDelegate.swift */,
				FAF8968A1DC6028E007780BC /* Main.storyboard */,
				FAF896901DC6028E007780BC /* Assets.xcassets */,
				FAF896921DC6028E007780BC /* LaunchScreen.storyboard */,
				FAF896951DC6028E007780BC /* Info.plist */,
				FAF8968D1DC6028E007780BC /* KPI_Rozklad.xcdatamodeld */,
			);
			path = "KPI Schedule";
			sourceTree = "<group>";
		};
/* End PBXGroup section */

/* Begin PBXNativeTarget section */
		FAF896821DC6028E007780BC /* KPI Schedule */ = {
			isa = PBXNativeTarget;
			buildConfigurationList = FAF896981DC6028E007780BC /* Build configuration list for PBXNativeTarget "KPI Schedule" */;
			buildPhases = (
				099D285C2BDFED06FFBFD452 /* [CP] Check Pods Manifest.lock */,
				FAF8967F1DC6028E007780BC /* Sources */,
				FAF896801DC6028E007780BC /* Frameworks */,
				FAF896811DC6028E007780BC /* Resources */,
				2BD76FE955D052779D35F866 /* [CP] Embed Pods Frameworks */,
				D2DB94EE9E3CBE8065FEC914 /* [CP] Copy Pods Resources */,
			);
			buildRules = (
			);
			dependencies = (
			);
			name = "KPI Schedule";
			productName = KPI_Rozklad;
			productReference = FAF896831DC6028E007780BC /* KPI Schedule.app */;
			productType = "com.apple.product-type.application";
		};
/* End PBXNativeTarget section */

/* Begin PBXProject section */
		FAF8967B1DC6028E007780BC /* Project object */ = {
			isa = PBXProject;
			attributes = {
				LastSwiftUpdateCheck = 0810;
				LastUpgradeCheck = 0810;
				ORGANIZATIONNAME = Alex;
				TargetAttributes = {
					FAF896821DC6028E007780BC = {
						CreatedOnToolsVersion = 8.1;
						DevelopmentTeam = 22U234HGU8;
						LastSwiftMigration = 0810;
						ProvisioningStyle = Automatic;
					};
				};
			};
			buildConfigurationList = FAF8967E1DC6028E007780BC /* Build configuration list for PBXProject "KPI Schedule" */;
			compatibilityVersion = "Xcode 3.2";
			developmentRegion = English;
			hasScannedForEncodings = 0;
			knownRegions = (
				en,
				Base,
			);
			mainGroup = FAF8967A1DC6028E007780BC;
			productRefGroup = FAF896841DC6028E007780BC /* Products */;
			projectDirPath = "";
			projectRoot = "";
			targets = (
				FAF896821DC6028E007780BC /* KPI Schedule */,
			);
		};
/* End PBXProject section */

/* Begin PBXResourcesBuildPhase section */
		FAF896811DC6028E007780BC /* Resources */ = {
			isa = PBXResourcesBuildPhase;
			buildActionMask = 2147483647;
			files = (
				FAF896941DC6028E007780BC /* LaunchScreen.storyboard in Resources */,
				FAF896911DC6028E007780BC /* Assets.xcassets in Resources */,
				FAF8968C1DC6028E007780BC /* Main.storyboard in Resources */,
			);
			runOnlyForDeploymentPostprocessing = 0;
		};
/* End PBXResourcesBuildPhase section */

/* Begin PBXShellScriptBuildPhase section */
		099D285C2BDFED06FFBFD452 /* [CP] Check Pods Manifest.lock */ = {
			isa = PBXShellScriptBuildPhase;
			buildActionMask = 2147483647;
			files = (
			);
			inputPaths = (
			);
			name = "[CP] Check Pods Manifest.lock";
			outputPaths = (
			);
			runOnlyForDeploymentPostprocessing = 0;
			shellPath = /bin/sh;
			shellScript = "diff \"${PODS_ROOT}/../Podfile.lock\" \"${PODS_ROOT}/Manifest.lock\" > /dev/null\nif [ $? != 0 ] ; then\n    # print error to STDERR\n    echo \"error: The sandbox is not in sync with the Podfile.lock. Run 'pod install' or update your CocoaPods installation.\" >&2\n    exit 1\nfi\n";
			showEnvVarsInLog = 0;
		};
		2BD76FE955D052779D35F866 /* [CP] Embed Pods Frameworks */ = {
			isa = PBXShellScriptBuildPhase;
			buildActionMask = 2147483647;
			files = (
			);
			inputPaths = (
			);
			name = "[CP] Embed Pods Frameworks";
			outputPaths = (
			);
			runOnlyForDeploymentPostprocessing = 0;
			shellPath = /bin/sh;
			shellScript = "\"${SRCROOT}/Pods/Target Support Files/Pods-KPI Schedule/Pods-KPI Schedule-frameworks.sh\"\n";
			showEnvVarsInLog = 0;
		};
		D2DB94EE9E3CBE8065FEC914 /* [CP] Copy Pods Resources */ = {
			isa = PBXShellScriptBuildPhase;
			buildActionMask = 2147483647;
			files = (
			);
			inputPaths = (
			);
			name = "[CP] Copy Pods Resources";
			outputPaths = (
			);
			runOnlyForDeploymentPostprocessing = 0;
			shellPath = /bin/sh;
			shellScript = "\"${SRCROOT}/Pods/Target Support Files/Pods-KPI Schedule/Pods-KPI Schedule-resources.sh\"\n";
			showEnvVarsInLog = 0;
		};
/* End PBXShellScriptBuildPhase section */

/* Begin PBXSourcesBuildPhase section */
		FAF8967F1DC6028E007780BC /* Sources */ = {
			isa = PBXSourcesBuildPhase;
			buildActionMask = 2147483647;
			files = (
				FAEECDD41DD3959500F2476C /* APICache.swift in Sources */,
				FAF8968F1DC6028E007780BC /* KPI_Rozklad.xcdatamodeld in Sources */,
				FAB810CB1DD1192D0080791A /* AddTaskView.swift in Sources */,
				FAF896891DC6028E007780BC /* MainView.swift in Sources */,
				FAB810BD1DD0D9310080791A /* NotesView.swift in Sources */,
				FA6233C81DD279BB00833B83 /* ScheduleLessonCell.swift in Sources */,
				FAF218661DCBF09000B1F684 /* APICore.swift in Sources */,
				FAB810BB1DD0D90E0080791A /* TasksView.swift in Sources */,
				FAB810C91DD114060080791A /* ChooseGroupView.swift in Sources */,
				FAB810B91DD0D8CB0080791A /* TeachersView.swift in Sources */,
				FA1D86961DD00FE900ACCDE3 /* SettingsView.swift in Sources */,
				FAB810CD1DD1272C0080791A /* AddNoteView.swift in Sources */,
				FAF896871DC6028E007780BC /* AppDelegate.swift in Sources */,
				FAF218651DCBF09000B1F684 /* APISchedule.swift in Sources */,
				FA1D86941DD0014600ACCDE3 /* ScheduleView.swift in Sources */,
				FAF218641DCBF09000B1F684 /* SwiftyJSON.swift in Sources */,
				FA9618E71DCE914200D233D2 /* AboutUsView.swift in Sources */,
			);
			runOnlyForDeploymentPostprocessing = 0;
		};
/* End PBXSourcesBuildPhase section */

/* Begin PBXVariantGroup section */
		FAF8968A1DC6028E007780BC /* Main.storyboard */ = {
			isa = PBXVariantGroup;
			children = (
				FAF8968B1DC6028E007780BC /* Base */,
			);
			name = Main.storyboard;
			sourceTree = "<group>";
		};
		FAF896921DC6028E007780BC /* LaunchScreen.storyboard */ = {
			isa = PBXVariantGroup;
			children = (
				FAF896931DC6028E007780BC /* Base */,
			);
			name = LaunchScreen.storyboard;
			sourceTree = "<group>";
		};
/* End PBXVariantGroup section */

/* Begin XCBuildConfiguration section */
		FAF896961DC6028E007780BC /* Debug */ = {
			isa = XCBuildConfiguration;
			buildSettings = {
				ALWAYS_SEARCH_USER_PATHS = NO;
				CLANG_ANALYZER_NONNULL = YES;
				CLANG_CXX_LANGUAGE_STANDARD = "gnu++0x";
				CLANG_CXX_LIBRARY = "libc++";
				CLANG_ENABLE_MODULES = YES;
				CLANG_ENABLE_OBJC_ARC = YES;
				CLANG_WARN_BOOL_CONVERSION = YES;
				CLANG_WARN_CONSTANT_CONVERSION = YES;
				CLANG_WARN_DIRECT_OBJC_ISA_USAGE = YES_ERROR;
				CLANG_WARN_DOCUMENTATION_COMMENTS = YES;
				CLANG_WARN_EMPTY_BODY = YES;
				CLANG_WARN_ENUM_CONVERSION = YES;
				CLANG_WARN_INFINITE_RECURSION = YES;
				CLANG_WARN_INT_CONVERSION = YES;
				CLANG_WARN_OBJC_ROOT_CLASS = YES_ERROR;
				CLANG_WARN_SUSPICIOUS_MOVES = YES;
				CLANG_WARN_UNREACHABLE_CODE = YES;
				CLANG_WARN__DUPLICATE_METHOD_MATCH = YES;
				"CODE_SIGN_IDENTITY[sdk=iphoneos*]" = "iPhone Developer";
				COPY_PHASE_STRIP = NO;
				DEBUG_INFORMATION_FORMAT = dwarf;
				ENABLE_STRICT_OBJC_MSGSEND = YES;
				ENABLE_TESTABILITY = YES;
				GCC_C_LANGUAGE_STANDARD = gnu99;
				GCC_DYNAMIC_NO_PIC = NO;
				GCC_NO_COMMON_BLOCKS = YES;
				GCC_OPTIMIZATION_LEVEL = 0;
				GCC_PREPROCESSOR_DEFINITIONS = (
					"DEBUG=1",
					"$(inherited)",
				);
				GCC_WARN_64_TO_32_BIT_CONVERSION = YES;
				GCC_WARN_ABOUT_RETURN_TYPE = YES_ERROR;
				GCC_WARN_UNDECLARED_SELECTOR = YES;
				GCC_WARN_UNINITIALIZED_AUTOS = YES_AGGRESSIVE;
				GCC_WARN_UNUSED_FUNCTION = YES;
				GCC_WARN_UNUSED_VARIABLE = YES;
				IPHONEOS_DEPLOYMENT_TARGET = 10.1;
				MTL_ENABLE_DEBUG_INFO = YES;
				ONLY_ACTIVE_ARCH = YES;
				SDKROOT = iphoneos;
				SWIFT_ACTIVE_COMPILATION_CONDITIONS = DEBUG;
				SWIFT_OPTIMIZATION_LEVEL = "-Onone";
				TARGETED_DEVICE_FAMILY = "1,2";
			};
			name = Debug;
		};
		FAF896971DC6028E007780BC /* Release */ = {
			isa = XCBuildConfiguration;
			buildSettings = {
				ALWAYS_SEARCH_USER_PATHS = NO;
				CLANG_ANALYZER_NONNULL = YES;
				CLANG_CXX_LANGUAGE_STANDARD = "gnu++0x";
				CLANG_CXX_LIBRARY = "libc++";
				CLANG_ENABLE_MODULES = YES;
				CLANG_ENABLE_OBJC_ARC = YES;
				CLANG_WARN_BOOL_CONVERSION = YES;
				CLANG_WARN_CONSTANT_CONVERSION = YES;
				CLANG_WARN_DIRECT_OBJC_ISA_USAGE = YES_ERROR;
				CLANG_WARN_DOCUMENTATION_COMMENTS = YES;
				CLANG_WARN_EMPTY_BODY = YES;
				CLANG_WARN_ENUM_CONVERSION = YES;
				CLANG_WARN_INFINITE_RECURSION = YES;
				CLANG_WARN_INT_CONVERSION = YES;
				CLANG_WARN_OBJC_ROOT_CLASS = YES_ERROR;
				CLANG_WARN_SUSPICIOUS_MOVES = YES;
				CLANG_WARN_UNREACHABLE_CODE = YES;
				CLANG_WARN__DUPLICATE_METHOD_MATCH = YES;
				"CODE_SIGN_IDENTITY[sdk=iphoneos*]" = "iPhone Developer";
				COPY_PHASE_STRIP = NO;
				DEBUG_INFORMATION_FORMAT = "dwarf-with-dsym";
				ENABLE_NS_ASSERTIONS = NO;
				ENABLE_STRICT_OBJC_MSGSEND = YES;
				GCC_C_LANGUAGE_STANDARD = gnu99;
				GCC_NO_COMMON_BLOCKS = YES;
				GCC_WARN_64_TO_32_BIT_CONVERSION = YES;
				GCC_WARN_ABOUT_RETURN_TYPE = YES_ERROR;
				GCC_WARN_UNDECLARED_SELECTOR = YES;
				GCC_WARN_UNINITIALIZED_AUTOS = YES_AGGRESSIVE;
				GCC_WARN_UNUSED_FUNCTION = YES;
				GCC_WARN_UNUSED_VARIABLE = YES;
				IPHONEOS_DEPLOYMENT_TARGET = 10.1;
				MTL_ENABLE_DEBUG_INFO = NO;
				SDKROOT = iphoneos;
				SWIFT_OPTIMIZATION_LEVEL = "-Owholemodule";
				TARGETED_DEVICE_FAMILY = "1,2";
				VALIDATE_PRODUCT = YES;
			};
			name = Release;
		};
		FAF896991DC6028E007780BC /* Debug */ = {
			isa = XCBuildConfiguration;
			baseConfigurationReference = 38E35AB39D5C07C2C0844B89 /* Pods-KPI Schedule.debug.xcconfig */;
			buildSettings = {
				ASSETCATALOG_COMPILER_APPICON_NAME = AppIcon;
				CLANG_ENABLE_MODULES = YES;
				DEVELOPMENT_TEAM = 22U234HGU8;
				INFOPLIST_FILE = "KPI Schedule/Info.plist";
				LD_RUNPATH_SEARCH_PATHS = "$(inherited) @executable_path/Frameworks";
				PRODUCT_BUNDLE_IDENTIFIER = "com.vihlayew.alex.KPI-Schedule";
				PRODUCT_NAME = "$(TARGET_NAME)";
				SWIFT_OPTIMIZATION_LEVEL = "-Onone";
				SWIFT_VERSION = 3.0;
				TARGETED_DEVICE_FAMILY = 1;
			};
			name = Debug;
		};
		FAF8969A1DC6028E007780BC /* Release */ = {
			isa = XCBuildConfiguration;
			baseConfigurationReference = B773A34C8A9F6D3593E490DC /* Pods-KPI Schedule.release.xcconfig */;
			buildSettings = {
				ASSETCATALOG_COMPILER_APPICON_NAME = AppIcon;
				CLANG_ENABLE_MODULES = YES;
				DEVELOPMENT_TEAM = 22U234HGU8;
				INFOPLIST_FILE = "KPI Schedule/Info.plist";
				LD_RUNPATH_SEARCH_PATHS = "$(inherited) @executable_path/Frameworks";
				PRODUCT_BUNDLE_IDENTIFIER = "com.vihlayew.alex.KPI-Schedule";
				PRODUCT_NAME = "$(TARGET_NAME)";
				SWIFT_VERSION = 3.0;
				TARGETED_DEVICE_FAMILY = 1;
			};
			name = Release;
		};
/* End XCBuildConfiguration section */

/* Begin XCConfigurationList section */
		FAF8967E1DC6028E007780BC /* Build configuration list for PBXProject "KPI Schedule" */ = {
			isa = XCConfigurationList;
			buildConfigurations = (
				FAF896961DC6028E007780BC /* Debug */,
				FAF896971DC6028E007780BC /* Release */,
			);
			defaultConfigurationIsVisible = 0;
			defaultConfigurationName = Release;
		};
		FAF896981DC6028E007780BC /* Build configuration list for PBXNativeTarget "KPI Schedule" */ = {
			isa = XCConfigurationList;
			buildConfigurations = (
				FAF896991DC6028E007780BC /* Debug */,
				FAF8969A1DC6028E007780BC /* Release */,
			);
			defaultConfigurationIsVisible = 0;
			defaultConfigurationName = Release;
		};
/* End XCConfigurationList section */

/* Begin XCVersionGroup section */
		FAF8968D1DC6028E007780BC /* KPI_Rozklad.xcdatamodeld */ = {
			isa = XCVersionGroup;
			children = (
				FAF8968E1DC6028E007780BC /* KPI_Rozklad.xcdatamodel */,
			);
			currentVersion = FAF8968E1DC6028E007780BC /* KPI_Rozklad.xcdatamodel */;
			path = KPI_Rozklad.xcdatamodeld;
			sourceTree = "<group>";
			versionGroupType = wrapper.xcdatamodel;
		};
/* End XCVersionGroup section */
	};
	rootObject = FAF8967B1DC6028E007780BC /* Project object */;
}
